{
  "name": "asuperbugzapp3d",
  "version": "1.0.0",
  "lockfileVersion": 1,
  "requires": true,
  "dependencies": {
    "assign-symbols": {
      "version": "1.0.0",
      "resolved": "https://registry.npmjs.org/assign-symbols/-/assign-symbols-1.0.0.tgz",
      "integrity": "sha1-WWZ/QfrdTyDMvCu5a41Pf3jsA2c="
    },
    "binary-extensions": {
      "version": "1.13.0",
      "resolved": "https://registry.npmjs.org/binary-extensions/-/binary-extensions-1.13.0.tgz",
      "integrity": "sha512-EgmjVLMn22z7eGGv3kcnHwSnJXmFHjISTY9E/S5lIcTD3Oxw05QTcBLNkJFzcb3cNueUdF/IN4U+d78V0zO8Hw=="
    },
    "define-property": {
      "version": "2.0.2",
      "resolved": "https://registry.npmjs.org/define-property/-/define-property-2.0.2.tgz",
      "integrity": "sha512-jwK2UV4cnPpbcG7+VRARKTZPUWowwXA8bzH5NP6ud0oeAxyYPuGZUAC7hMugpCdz4BeSZl2Dl9k66CHJ/46ZYQ==",
      "requires": {
        "is-descriptor": "^1.0.2",
        "isobject": "^3.0.1"
      },
      "dependencies": {
        "is-accessor-descriptor": {
          "version": "1.0.0",
          "resolved": "https://registry.npmjs.org/is-accessor-descriptor/-/is-accessor-descriptor-1.0.0.tgz",
          "integrity": "sha512-m5hnHTkcVsPfqx3AKlyttIPb7J+XykHvJP2B9bZDjlhLIoEq4XoK64Vg7boZlVWYK6LUY94dYPEE7Lh0ZkZKcQ==",
          "requires": {
            "kind-of": "^6.0.0"
          }
        },
        "is-data-descriptor": {
          "version": "1.0.0",
          "resolved": "https://registry.npmjs.org/is-data-descriptor/-/is-data-descriptor-1.0.0.tgz",
          "integrity": "sha512-jbRXy1FmtAoCjQkVmIVYwuuqDFUbaOeDjmed1tOGPrsMhtJA4rD9tkgA0F1qJ3gRFRXcHYVkdeaP50Q5rE/jLQ==",
          "requires": {
            "kind-of": "^6.0.0"
          }
        },
        "is-descriptor": {
          "version": "1.0.2",
          "resolved": "https://registry.npmjs.org/is-descriptor/-/is-descriptor-1.0.2.tgz",
          "integrity": "sha512-2eis5WqQGV7peooDyLmNEPUrps9+SXX5c9pL3xEB+4e9HnGuDa7mB7kHxHw4CbqS9k1T2hOH3miL8n8WtiYVtg==",
          "requires": {
            "is-accessor-descriptor": "^1.0.0",
            "is-data-descriptor": "^1.0.0",
            "kind-of": "^6.0.2"
          }
        }
      }
    },
    "extend-shallow": {
      "version": "3.0.2",
      "resolved": "https://registry.npmjs.org/extend-shallow/-/extend-shallow-3.0.2.tgz",
      "integrity": "sha1-Jqcarwc7OfshJxcnRhMcJwQCjbg=",
      "requires": {
        "assign-symbols": "^1.0.0",
        "is-extendable": "^1.0.1"
      },
      "dependencies": {
        "is-extendable": {
          "version": "1.0.1",
          "resolved": "https://registry.npmjs.org/is-extendable/-/is-extendable-1.0.1.tgz",
          "integrity": "sha512-arnXMxT1hhoKo9k1LZdmlNyJdDDfy2v0fXjFlmok4+i8ul/6WlbVge9bhM74OpNPQPMGUToDtz+KXa1PneJxOA==",
          "requires": {
            "is-plain-object": "^2.0.4"
          }
        }
      }
    },
    "for-in": {
      "version": "1.0.2",
      "resolved": "https://registry.npmjs.org/for-in/-/for-in-1.0.2.tgz",
      "integrity": "sha1-gQaNKVqBQuwKxybG4iAMMPttXoA="
    },
    "fragment-cache": {
      "version": "0.2.1",
      "resolved": "https://registry.npmjs.org/fragment-cache/-/fragment-cache-0.2.1.tgz",
      "integrity": "sha1-QpD60n8T6Jvn8zeZxrxaCr//DRk=",
      "requires": {
        "map-cache": "^0.2.2"
      }
    },
    "fsevents": {
      "version": "1.2.7",
      "resolved": "https://registry.npmjs.org/fsevents/-/fsevents-1.2.7.tgz",
      "integrity": "sha512-Pxm6sI2MeBD7RdD12RYsqaP0nMiwx8eZBXCa6z2L+mRHm2DYrOYwihmhjpkdjUHwQhslWQjRpEgNq4XvBmaAuw==",
      "requires": {
        "nan": "^2.9.2",
        "node-pre-gyp": "^0.10.0"
      },
      "dependencies": {
        "abbrev": {
          "version": "1.1.1",
          "bundled": true
        },
        "ansi-regex": {
          "version": "2.1.1",
          "bundled": true
        },
        "aproba": {
          "version": "1.2.0",
          "bundled": true
        },
        "are-we-there-yet": {
          "version": "1.1.5",
          "bundled": true,
          "requires": {
            "delegates": "^1.0.0",
            "readable-stream": "^2.0.6"
          }
        },
        "balanced-match": {
          "version": "1.0.0",
          "bundled": true
        },
        "brace-expansion": {
          "version": "1.1.11",
          "bundled": true,
          "requires": {
            "balanced-match": "^1.0.0",
            "concat-map": "0.0.1"
          }
        },
        "chownr": {
          "version": "1.1.1",
          "bundled": true
        },
        "code-point-at": {
          "version": "1.1.0",
          "bundled": true
        },
        "concat-map": {
          "version": "0.0.1",
          "bundled": true
        },
        "console-control-strings": {
          "version": "1.1.0",
          "bundled": true
        },
        "core-util-is": {
          "version": "1.0.2",
          "bundled": true
        },
        "debug": {
          "version": "2.6.9",
          "bundled": true,
          "requires": {
            "ms": "2.0.0"
          }
        },
        "deep-extend": {
          "version": "0.6.0",
          "bundled": true
        },
        "delegates": {
          "version": "1.0.0",
          "bundled": true
        },
        "detect-libc": {
          "version": "1.0.3",
          "bundled": true
        },
        "fs-minipass": {
          "version": "1.2.5",
          "bundled": true,
          "requires": {
            "minipass": "^2.2.1"
          }
        },
        "fs.realpath": {
          "version": "1.0.0",
          "bundled": true
        },
        "gauge": {
          "version": "2.7.4",
          "bundled": true,
          "requires": {
            "aproba": "^1.0.3",
            "console-control-strings": "^1.0.0",
            "has-unicode": "^2.0.0",
            "object-assign": "^4.1.0",
            "signal-exit": "^3.0.0",
            "string-width": "^1.0.1",
            "strip-ansi": "^3.0.1",
            "wide-align": "^1.1.0"
          }
        },
        "glob": {
          "version": "7.1.3",
          "bundled": true,
          "requires": {
            "fs.realpath": "^1.0.0",
            "inflight": "^1.0.4",
            "inherits": "2",
            "minimatch": "^3.0.4",
            "once": "^1.3.0",
            "path-is-absolute": "^1.0.0"
          }
        },
        "has-unicode": {
          "version": "2.0.1",
          "bundled": true
        },
        "iconv-lite": {
          "version": "0.4.24",
          "bundled": true,
          "requires": {
            "safer-buffer": ">= 2.1.2 < 3"
          }
        },
        "ignore-walk": {
          "version": "3.0.1",
          "bundled": true,
          "requires": {
            "minimatch": "^3.0.4"
          }
        },
        "inflight": {
          "version": "1.0.6",
          "bundled": true,
          "requires": {
            "once": "^1.3.0",
            "wrappy": "1"
          }
        },
        "inherits": {
          "version": "2.0.3",
          "bundled": true
        },
        "ini": {
          "version": "1.3.5",
          "bundled": true
        },
        "is-fullwidth-code-point": {
          "version": "1.0.0",
          "bundled": true,
          "requires": {
            "number-is-nan": "^1.0.0"
          }
        },
        "isarray": {
          "version": "1.0.0",
          "bundled": true
        },
        "minimatch": {
          "version": "3.0.4",
          "bundled": true,
          "requires": {
            "brace-expansion": "^1.1.7"
          }
        },
        "minimist": {
          "version": "0.0.8",
          "bundled": true
        },
        "minipass": {
          "version": "2.3.5",
          "bundled": true,
          "requires": {
            "safe-buffer": "^5.1.2",
            "yallist": "^3.0.0"
          }
        },
        "minizlib": {
          "version": "1.2.1",
          "bundled": true,
          "requires": {
            "minipass": "^2.2.1"
          }
        },
        "mkdirp": {
          "version": "0.5.1",
          "bundled": true,
          "requires": {
            "minimist": "0.0.8"
          }
        },
        "ms": {
          "version": "2.0.0",
          "bundled": true
        },
        "needle": {
          "version": "2.2.4",
          "bundled": true,
          "requires": {
            "debug": "^2.1.2",
            "iconv-lite": "^0.4.4",
            "sax": "^1.2.4"
          }
        },
        "node-pre-gyp": {
          "version": "0.10.3",
          "bundled": true,
          "requires": {
            "detect-libc": "^1.0.2",
            "mkdirp": "^0.5.1",
            "needle": "^2.2.1",
            "nopt": "^4.0.1",
            "npm-packlist": "^1.1.6",
            "npmlog": "^4.0.2",
            "rc": "^1.2.7",
            "rimraf": "^2.6.1",
            "semver": "^5.3.0",
            "tar": "^4"
          }
        },
        "nopt": {
          "version": "4.0.1",
          "bundled": true,
          "requires": {
            "abbrev": "1",
            "osenv": "^0.1.4"
          }
        },
        "npm-bundled": {
          "version": "1.0.5",
          "bundled": true
        },
        "npm-packlist": {
          "version": "1.2.0",
          "bundled": true,
          "requires": {
            "ignore-walk": "^3.0.1",
            "npm-bundled": "^1.0.1"
          }
        },
        "npmlog": {
          "version": "4.1.2",
          "bundled": true,
          "requires": {
            "are-we-there-yet": "~1.1.2",
            "console-control-strings": "~1.1.0",
            "gauge": "~2.7.3",
            "set-blocking": "~2.0.0"
          }
        },
        "number-is-nan": {
          "version": "1.0.1",
          "bundled": true
        },
        "object-assign": {
          "version": "4.1.1",
          "bundled": true
        },
        "once": {
          "version": "1.4.0",
          "bundled": true,
          "requires": {
            "wrappy": "1"
          }
        },
        "os-homedir": {
          "version": "1.0.2",
          "bundled": true
        },
        "os-tmpdir": {
          "version": "1.0.2",
          "bundled": true
        },
        "osenv": {
          "version": "0.1.5",
          "bundled": true,
          "requires": {
            "os-homedir": "^1.0.0",
            "os-tmpdir": "^1.0.0"
          }
        },
        "path-is-absolute": {
          "version": "1.0.1",
          "bundled": true
        },
        "process-nextick-args": {
          "version": "2.0.0",
          "bundled": true
        },
        "rc": {
          "version": "1.2.8",
          "bundled": true,
          "requires": {
            "deep-extend": "^0.6.0",
            "ini": "~1.3.0",
            "minimist": "^1.2.0",
            "strip-json-comments": "~2.0.1"
          },
          "dependencies": {
            "minimist": {
              "version": "1.2.0",
              "bundled": true
            }
          }
        },
        "readable-stream": {
          "version": "2.3.6",
          "bundled": true,
          "requires": {
            "core-util-is": "~1.0.0",
            "inherits": "~2.0.3",
            "isarray": "~1.0.0",
            "process-nextick-args": "~2.0.0",
            "safe-buffer": "~5.1.1",
            "string_decoder": "~1.1.1",
            "util-deprecate": "~1.0.1"
          }
        },
        "rimraf": {
          "version": "2.6.3",
          "bundled": true,
          "requires": {
            "glob": "^7.1.3"
          }
        },
        "safe-buffer": {
          "version": "5.1.2",
          "bundled": true
        },
        "safer-buffer": {
          "version": "2.1.2",
          "bundled": true
        },
        "sax": {
          "version": "1.2.4",
          "bundled": true
        },
        "semver": {
          "version": "5.6.0",
          "bundled": true
        },
        "set-blocking": {
          "version": "2.0.0",
          "bundled": true
        },
        "signal-exit": {
          "version": "3.0.2",
          "bundled": true
        },
        "string-width": {
          "version": "1.0.2",
          "bundled": true,
          "requires": {
            "code-point-at": "^1.0.0",
            "is-fullwidth-code-point": "^1.0.0",
            "strip-ansi": "^3.0.0"
          }
        },
        "string_decoder": {
          "version": "1.1.1",
          "bundled": true,
          "requires": {
            "safe-buffer": "~5.1.0"
          }
        },
        "strip-ansi": {
          "version": "3.0.1",
          "bundled": true,
          "requires": {
            "ansi-regex": "^2.0.0"
          }
        },
        "strip-json-comments": {
          "version": "2.0.1",
          "bundled": true
        },
        "tar": {
          "version": "4.4.8",
          "bundled": true,
          "requires": {
            "chownr": "^1.1.1",
            "fs-minipass": "^1.2.5",
            "minipass": "^2.3.4",
            "minizlib": "^1.1.1",
            "mkdirp": "^0.5.0",
            "safe-buffer": "^5.1.2",
            "yallist": "^3.0.2"
          }
        },
        "util-deprecate": {
          "version": "1.0.2",
          "bundled": true
        },
        "wide-align": {
          "version": "1.1.3",
          "bundled": true,
          "requires": {
            "string-width": "^1.0.2 || 2"
          }
        },
        "wrappy": {
          "version": "1.0.2",
          "bundled": true
        },
        "yallist": {
          "version": "3.0.3",
          "bundled": true
        }
      }
    },
    "get-value": {
      "version": "2.0.6",
      "resolved": "https://registry.npmjs.org/get-value/-/get-value-2.0.6.tgz",
      "integrity": "sha1-3BXKHGcjh8p2vTesCjlbogQqLCg="
    },
    "glsl-canvas-js": {
      "version": "0.1.3",
      "resolved": "https://registry.npmjs.org/glsl-canvas-js/-/glsl-canvas-js-0.1.3.tgz",
      "integrity": "sha512-j2ZlbgN3siy2bbdvCx6K8NiX9ELIcwNVmy45/JTD1m4eBOkQQ+KDxZ+9zKs57gPwpmpkHaqMioVW7y0llRfuRg==",
      "requires": {
        "promise-polyfill": "~8.1.0",
        "stats.js": "~0.17.0"
      }
    },
    "graceful-fs": {
      "version": "4.1.15",
      "resolved": "https://registry.npmjs.org/graceful-fs/-/graceful-fs-4.1.15.tgz",
      "integrity": "sha512-6uHUhOPEBgQ24HM+r6b/QwWfZq+yiFcipKFrOFiBEnWdy5sdzYoi+pJeQaPI5qOLRFqWmAXUPQNsielzdLoecA=="
    },
    "has-value": {
      "version": "1.0.0",
      "resolved": "https://registry.npmjs.org/has-value/-/has-value-1.0.0.tgz",
      "integrity": "sha1-GLKB2lhbHFxR3vJMkw7SmgvmsXc=",
      "requires": {
        "get-value": "^2.0.6",
        "has-values": "^1.0.0",
        "isobject": "^3.0.0"
      }
    },
    "has-values": {
      "version": "1.0.0",
      "resolved": "https://registry.npmjs.org/has-values/-/has-values-1.0.0.tgz",
      "integrity": "sha1-lbC2P+whRmGab+V/51Yo1aOe/k8=",
      "requires": {
        "is-number": "^3.0.0",
        "kind-of": "^4.0.0"
      },
      "dependencies": {
        "kind-of": {
          "version": "4.0.0",
          "resolved": "https://registry.npmjs.org/kind-of/-/kind-of-4.0.0.tgz",
          "integrity": "sha1-IIE989cSkosgc3hpGkUGb65y3Vc=",
          "requires": {
            "is-buffer": "^1.1.5"
          }
        }
      }
    },
    "inherits": {
      "version": "2.0.3",
      "resolved": "https://registry.npmjs.org/inherits/-/inherits-2.0.3.tgz",
      "integrity": "sha1-Yzwsg+PaQqUC9SRmAiSA9CCCYd4="
    },
    "is-accessor-descriptor": {
      "version": "0.1.6",
      "resolved": "https://registry.npmjs.org/is-accessor-descriptor/-/is-accessor-descriptor-0.1.6.tgz",
      "integrity": "sha1-qeEss66Nh2cn7u84Q/igiXtcmNY=",
      "requires": {
        "kind-of": "^3.0.2"
      },
      "dependencies": {
        "kind-of": {
          "version": "3.2.2",
          "resolved": "https://registry.npmjs.org/kind-of/-/kind-of-3.2.2.tgz",
          "integrity": "sha1-MeohpzS6ubuw8yRm2JOupR5KPGQ=",
          "requires": {
            "is-buffer": "^1.1.5"
          }
        }
      }
    },
    "is-binary-path": {
      "version": "1.0.1",
      "resolved": "https://registry.npmjs.org/is-binary-path/-/is-binary-path-1.0.1.tgz",
      "integrity": "sha1-dfFmQrSA8YenEcgUFh/TpKdlWJg=",
      "requires": {
        "binary-extensions": "^1.0.0"
      }
    },
    "is-buffer": {
      "version": "1.1.6",
      "resolved": "https://registry.npmjs.org/is-buffer/-/is-buffer-1.1.6.tgz",
      "integrity": "sha512-NcdALwpXkTm5Zvvbk7owOUSvVvBKDgKP5/ewfXEznmQFfs4ZRmanOeKBTjRVjka3QFoN6XJ+9F3USqfHqTaU5w=="
    },
    "is-data-descriptor": {
      "version": "0.1.4",
      "resolved": "https://registry.npmjs.org/is-data-descriptor/-/is-data-descriptor-0.1.4.tgz",
      "integrity": "sha1-C17mSDiOLIYCgueT8YVv7D8wG1Y=",
      "requires": {
        "kind-of": "^3.0.2"
      },
      "dependencies": {
        "kind-of": {
          "version": "3.2.2",
          "resolved": "https://registry.npmjs.org/kind-of/-/kind-of-3.2.2.tgz",
          "integrity": "sha1-MeohpzS6ubuw8yRm2JOupR5KPGQ=",
          "requires": {
            "is-buffer": "^1.1.5"
          }
        }
      }
    },
    "is-descriptor": {
      "version": "0.1.6",
      "resolved": "https://registry.npmjs.org/is-descriptor/-/is-descriptor-0.1.6.tgz",
      "integrity": "sha512-avDYr0SB3DwO9zsMov0gKCESFYqCnE4hq/4z3TdUlukEy5t9C0YRq7HLrsN52NAcqXKaepeCD0n+B0arnVG3Hg==",
      "requires": {
        "is-accessor-descriptor": "^0.1.6",
        "is-data-descriptor": "^0.1.4",
        "kind-of": "^5.0.0"
      },
      "dependencies": {
        "kind-of": {
          "version": "5.1.0",
          "resolved": "https://registry.npmjs.org/kind-of/-/kind-of-5.1.0.tgz",
          "integrity": "sha512-NGEErnH6F2vUuXDh+OlbcKW7/wOcfdRHaZ7VWtqCztfHri/++YKmP51OdWeGPuqCOba6kk2OTe5d02VmTB80Pw=="
        }
      }
    },
    "is-extendable": {
      "version": "0.1.1",
      "resolved": "https://registry.npmjs.org/is-extendable/-/is-extendable-0.1.1.tgz",
      "integrity": "sha1-YrEQ4omkcUGOPsNqYX1HLjAd/Ik="
    },
    "is-extglob": {
      "version": "2.1.1",
      "resolved": "https://registry.npmjs.org/is-extglob/-/is-extglob-2.1.1.tgz",
      "integrity": "sha1-qIwCU1eR8C7TfHahueqXc8gz+MI="
    },
    "is-glob": {
      "version": "4.0.0",
      "resolved": "https://registry.npmjs.org/is-glob/-/is-glob-4.0.0.tgz",
      "integrity": "sha1-lSHHaEXMJhCoUgPd8ICpWML/q8A=",
      "requires": {
        "is-extglob": "^2.1.1"
      }
    },
    "is-number": {
      "version": "3.0.0",
      "resolved": "https://registry.npmjs.org/is-number/-/is-number-3.0.0.tgz",
      "integrity": "sha1-JP1iAaR4LPUFYcgQJ2r8fRLXEZU=",
      "requires": {
        "kind-of": "^3.0.2"
      },
      "dependencies": {
        "kind-of": {
          "version": "3.2.2",
          "resolved": "https://registry.npmjs.org/kind-of/-/kind-of-3.2.2.tgz",
          "integrity": "sha1-MeohpzS6ubuw8yRm2JOupR5KPGQ=",
          "requires": {
            "is-buffer": "^1.1.5"
          }
        }
      }
    },
    "is-plain-object": {
      "version": "2.0.4",
      "resolved": "https://registry.npmjs.org/is-plain-object/-/is-plain-object-2.0.4.tgz",
      "integrity": "sha512-h5PpgXkWitc38BBMYawTYMWJHFZJVnBquFE57xFpjB8pJFiF6gZ+bU+WyI/yqXiFR5mdLsgYNaPe8uao6Uv9Og==",
      "requires": {
        "isobject": "^3.0.1"
      }
    },
    "is-windows": {
      "version": "1.0.2",
      "resolved": "https://registry.npmjs.org/is-windows/-/is-windows-1.0.2.tgz",
      "integrity": "sha512-eXK1UInq2bPmjyX6e3VHIzMLobc4J94i4AWn+Hpq3OU5KkrRC96OAcR3PRJ/pGu6m8TRnBHP9dkXQVsT/COVIA=="
    },
    "isarray": {
      "version": "1.0.0",
      "resolved": "https://registry.npmjs.org/isarray/-/isarray-1.0.0.tgz",
      "integrity": "sha1-u5NdSFgsuhaMBoNJV6VKPgcSTxE="
    },
    "isobject": {
      "version": "3.0.1",
      "resolved": "https://registry.npmjs.org/isobject/-/isobject-3.0.1.tgz",
      "integrity": "sha1-TkMekrEalzFjaqH5yNHMvP2reN8="
    },
    "kind-of": {
      "version": "6.0.2",
      "resolved": "https://registry.npmjs.org/kind-of/-/kind-of-6.0.2.tgz",
      "integrity": "sha512-s5kLOcnH0XqDO+FvuaLX8DDjZ18CGFk7VygH40QoKPUQhW4e2rvM0rwUq0t8IQDOwYSeLK01U90OjzBTme2QqA=="
    },
    "map-cache": {
      "version": "0.2.2",
      "resolved": "https://registry.npmjs.org/map-cache/-/map-cache-0.2.2.tgz",
      "integrity": "sha1-wyq9C9ZSXZsFFkW7TyasXcmKDb8="
    },
    "mixin-deep": {
      "version": "1.3.1",
      "resolved": "https://registry.npmjs.org/mixin-deep/-/mixin-deep-1.3.1.tgz",
      "integrity": "sha512-8ZItLHeEgaqEvd5lYBXfm4EZSFCX29Jb9K+lAHhDKzReKBQKj3R+7NOF6tjqYi9t4oI8VUfaWITJQm86wnXGNQ==",
      "requires": {
        "for-in": "^1.0.2",
        "is-extendable": "^1.0.1"
      },
      "dependencies": {
        "is-extendable": {
          "version": "1.0.1",
          "resolved": "https://registry.npmjs.org/is-extendable/-/is-extendable-1.0.1.tgz",
          "integrity": "sha512-arnXMxT1hhoKo9k1LZdmlNyJdDDfy2v0fXjFlmok4+i8ul/6WlbVge9bhM74OpNPQPMGUToDtz+KXa1PneJxOA==",
          "requires": {
            "is-plain-object": "^2.0.4"
          }
        }
      }
    },
    "nan": {
      "version": "2.12.1",
      "resolved": "https://registry.npmjs.org/nan/-/nan-2.12.1.tgz",
      "integrity": "sha512-JY7V6lRkStKcKTvHO5NVSQRv+RV+FIL5pvDoLiAtSL9pKlC5x9PKQcZDsq7m4FO4d57mkhC6Z+QhAh3Jdk5JFw=="
    },
    "promise-polyfill": {
      "version": "8.1.0",
      "resolved": "https://registry.npmjs.org/promise-polyfill/-/promise-polyfill-8.1.0.tgz",
      "integrity": "sha512-OzSf6gcCUQ01byV4BgwyUCswlaQQ6gzXc23aLQWhicvfX9kfsUiUhgt3CCQej8jDnl8/PhGF31JdHX2/MzF3WA=="
    },
    "stats.js": {
      "version": "0.17.0",
      "resolved": "https://registry.npmjs.org/stats.js/-/stats.js-0.17.0.tgz",
      "integrity": "sha1-scPcRtlEmLV4t/05hbgaznExzH0="
    },
    "twgl.js": {
      "version": "4.9.0",
      "resolved": "https://registry.npmjs.org/twgl.js/-/twgl.js-4.9.0.tgz",
      "integrity": "sha512-W1Bx9zGnh8MezOua2WOuxKm8S+JO2qoIk/UnHeMjICsSphlgeMfpY9AERBPOjxHcAmW1l8QTDzJu1f5lL1MocA=="
    }
  }
}
