{
  "name": "glsl-canvas-preview",
  "version": "0.1.3",
  "lockfileVersion": 1,
  "requires": true,
  "dependencies": {
    "glsl-canvas-js": {
      "version": "0.1.3",
      "resolved": "https://registry.npmjs.org/glsl-canvas-js/-/glsl-canvas-js-0.1.3.tgz",
      "integrity": "sha512-j2ZlbgN3siy2bbdvCx6K8NiX9ELIcwNVmy45/JTD1m4eBOkQQ+KDxZ+9zKs57gPwpmpkHaqMioVW7y0llRfuRg==",
      "requires": {
        "promise-polyfill": "~8.1.0",
        "stats.js": "~0.17.0"
      }
    },
    "promise-polyfill": {
      "version": "8.1.0",
      "resolved": "https://registry.npmjs.org/promise-polyfill/-/promise-polyfill-8.1.0.tgz",
      "integrity": "sha512-OzSf6gcCUQ01byV4BgwyUCswlaQQ6gzXc23aLQWhicvfX9kfsUiUhgt3CCQej8jDnl8/PhGF31JdHX2/MzF3WA=="
    },
    "stats.js": {
      "version": "0.17.0",
      "resolved": "https://registry.npmjs.org/stats.js/-/stats.js-0.17.0.tgz",
      "integrity": "sha1-scPcRtlEmLV4t/05hbgaznExzH0="
    },
    "twgl.js": {
      "version": "4.8.2",
      "resolved": "https://registry.npmjs.org/twgl.js/-/twgl.js-4.8.2.tgz",
      "integrity": "sha512-EvmUD3KO0bRgrLvKWAsQhha4NyQN+w1k54Q+U8kd4g3m7aRDC8uqZRycjlS1EKEuDaCn2T6WDnv9QfgJLOlzTg=="
    }
  }
}
